# THIS IS AN AUTOGENERATED FILE. DO NOT EDIT THIS FILE DIRECTLY.
# yarn lockfile v1


prettier@^3.5.3:
  version "3.5.3"
  resolved "https://registry.yarnpkg.com/prettier/-/prettier-3.5.3.tgz#4fc2ce0d657e7a02e602549f053b239cb7dfe1b5"
  integrity sha512-QQtaxnoDJeAkDvDKWCLiwIXkTgRhwYDEQCghU9Z6q03iyek/rxRh/2lC3HB7P8sWT2xC/y5JDctPLBIGzHKbhw==

turbo-darwin-64@2.5.2:
  version "2.5.2"
  resolved "https://registry.yarnpkg.com/turbo-darwin-64/-/turbo-darwin-64-2.5.2.tgz#892927344ad37679143555ebdf41ad704f4d72d8"
  integrity sha512-2aIl0Sx230nLk+Cg2qSVxvPOBWCZpwKNuAMKoROTvWKif6VMpkWWiR9XEPoz7sHeLmCOed4GYGMjL1bqAiIS/g==

turbo-darwin-arm64@2.5.2:
  version "2.5.2"
  resolved "https://registry.yarnpkg.com/turbo-darwin-arm64/-/turbo-darwin-arm64-2.5.2.tgz#c3a00bcba481f5baa24ce4b1302f09c2c50d4e30"
  integrity sha512-MrFYhK/jYu8N6QlqZtqSHi3e4QVxlzqU3ANHTKn3/tThuwTLbNHEvzBPWSj5W7nZcM58dCqi6gYrfRz6bJZyAA==

turbo-linux-64@2.5.2:
  version "2.5.2"
  resolved "https://registry.yarnpkg.com/turbo-linux-64/-/turbo-linux-64-2.5.2.tgz#1f366e0208b4da79d13d57df202dc5f49fb0367c"
  integrity sha512-LxNqUE2HmAJQ/8deoLgMUDzKxd5bKxqH0UBogWa+DF+JcXhtze3UTMr6lEr0dEofdsEUYK1zg8FRjglmwlN5YA==

turbo-linux-arm64@2.5.2:
  version "2.5.2"
  resolved "https://registry.yarnpkg.com/turbo-linux-arm64/-/turbo-linux-arm64-2.5.2.tgz#a48d9f1eddd279d523682eb74911b5c045ae1092"
  integrity sha512-0MI1Ao1q8zhd+UUbIEsrM+yLq1BsrcJQRGZkxIsHFlGp7WQQH1oR3laBgfnUCNdCotCMD6w4moc9pUbXdOR3bg==

turbo-windows-64@2.5.2:
  version "2.5.2"
  resolved "https://registry.yarnpkg.com/turbo-windows-64/-/turbo-windows-64-2.5.2.tgz#6ad0604fd7b1e53c54feca037de74e4303e23fa1"
  integrity sha512-hOLcbgZzE5ttACHHyc1ajmWYq4zKT42IC3G6XqgiXxMbS+4eyVYTL+7UvCZBd3Kca1u4TLQdLQjeO76zyDJc2A==

turbo-windows-arm64@2.5.2:
  version "2.5.2"
  resolved "https://registry.yarnpkg.com/turbo-windows-arm64/-/turbo-windows-arm64-2.5.2.tgz#8bf9e79d2f3adf92371ef79da89c04090f3ab914"
  integrity sha512-fMU41ABhSLa18H8V3Z7BMCGynQ8x+wj9WyBMvWm1jeyRKgkvUYJsO2vkIsy8m0vrwnIeVXKOIn6eSe1ddlBVqw==

turbo@^2.5.2:
  version "2.5.2"
  resolved "https://registry.yarnpkg.com/turbo/-/turbo-2.5.2.tgz#c6be6379f7495166fb0cc87d5362da8c7e4093c6"
  integrity sha512-Qo5lfuStr6LQh3sPQl7kIi243bGU4aHGDQJUf6ylAdGwks30jJFloc9NYHP7Y373+gGU9OS0faA4Mb5Sy8X9Xw==
  optionalDependencies:
    turbo-darwin-64 "2.5.2"
    turbo-darwin-arm64 "2.5.2"
    turbo-linux-64 "2.5.2"
    turbo-linux-arm64 "2.5.2"
    turbo-windows-64 "2.5.2"
    turbo-windows-arm64 "2.5.2"

typescript@5.8.2:
  version "5.8.2"
  resolved "https://registry.yarnpkg.com/typescript/-/typescript-5.8.2.tgz#8170b3702f74b79db2e5a96207c15e65807999e4"
  integrity sha512-aJn6wq13/afZp/jT9QZmwEjDqqvSGp1VT5GVg+f/t6/oVyrgXM6BY1h9BRh/O5p3PlUPAe+WuiEZOmb/49RqoQ==
